PODS:
  - Nimble (5.1.1)
  - OculusReparo (0.2.1)
  - Quick (1.0.0)

DEPENDENCIES:
  - Nimble (~> 5.0)
  - OculusReparo (from `../`)
  - Quick (~> 1.0)

EXTERNAL SOURCES:
  OculusReparo:
    :path: "../"

SPEC CHECKSUMS:
  Nimble: 415e3aa3267e7bc2c96b05fa814ddea7bb686a29
  OculusReparo: 1638ac7df980630d7a40348d91f5f70352fe2cfe
  Quick: 8024e4a47e6cc03a9d5245ef0948264fc6d27cff

PODFILE CHECKSUM: 948ab7bfae58c32357a3c55c2b27cd8b6fb3d8b8

COCOAPODS: 1.1.1
