// !$*UTF8*$!
{
	archiveVersion = 1;
	classes = {
	};
	objectVersion = 46;
	objects = {

/* Begin PBXBuildFile section */
		51C444492E95EA82EE077C2A /* Pods_OculusReparo_Example.framework in Frameworks */ = {isa = PBXBuildFile; fileRef = 0DAB996437C0E5D68B8391D8 /* Pods_OculusReparo_Example.framework */; };
		607FACD61AFB9204008FA782 /* AppDelegate.swift in Sources */ = {isa = PBXBuildFile; fileRef = 607FACD51AFB9204008FA782 /* AppDelegate.swift */; };
		607FACD81AFB9204008FA782 /* MenuController.swift in Sources */ = {isa = PBXBuildFile; fileRef = 607FACD71AFB9204008FA782 /* MenuController.swift */; };
		607FACDB1AFB9204008FA782 /* Main.storyboard in Resources */ = {isa = PBXBuildFile; fileRef = 607FACD91AFB9204008FA782 /* Main.storyboard */; };
		607FACDD1AFB9204008FA782 /* Images.xcassets in Resources */ = {isa = PBXBuildFile; fileRef = 607FACDC1AFB9204008FA782 /* Images.xcassets */; };
		607FACE01AFB9204008FA782 /* LaunchScreen.xib in Resources */ = {isa = PBXBuildFile; fileRef = 607FACDE1AFB9204008FA782 /* LaunchScreen.xib */; };
		7A9A1596DEF2E0435D96E2D6 /* Pods_OculusReparo_Tests.framework in Frameworks */ = {isa = PBXBuildFile; fileRef = E47434D0ED904A0AB337E96F /* Pods_OculusReparo_Tests.framework */; };
		8336F6F61D535C850009E629 /* ScopeTests.swift in Sources */ = {isa = PBXBuildFile; fileRef = 8336F6F51D535C850009E629 /* ScopeTests.swift */; };
		8336F6F81D5365580009E629 /* DirectiveTests.swift in Sources */ = {isa = PBXBuildFile; fileRef = 8336F6F71D5365580009E629 /* DirectiveTests.swift */; };
		835AB9AF1D48C0AB00004461 /* DirectiveTransformTests.swift in Sources */ = {isa = PBXBuildFile; fileRef = 835AB9721D48C09300004461 /* DirectiveTransformTests.swift */; };
		835AB9B01D48C0AF00004461 /* IncludeExpansionTests.swift in Sources */ = {isa = PBXBuildFile; fileRef = 835AB9731D48C09300004461 /* IncludeExpansionTests.swift */; };
		835AB9B11D48C0B300004461 /* ParserTests.swift in Sources */ = {isa = PBXBuildFile; fileRef = 835AB9741D48C09300004461 /* ParserTests.swift */; };
		835AB9B21D48C0B700004461 /* SampleReader.swift in Sources */ = {isa = PBXBuildFile; fileRef = 835AB9751D48C09300004461 /* SampleReader.swift */; };
		835AB9B31D48C0BB00004461 /* StateMachineTests.swift in Sources */ = {isa = PBXBuildFile; fileRef = 835AB98F1D48C09300004461 /* StateMachineTests.swift */; };
		835AB9B41D48C0BF00004461 /* VariableTransformTests.swift in Sources */ = {isa = PBXBuildFile; fileRef = 835AB9901D48C09300004461 /* VariableTransformTests.swift */; };
		835AB9B51D48C0C700004461 /* Directive.txt in Resources */ = {isa = PBXBuildFile; fileRef = 835AB9771D48C09300004461 /* Directive.txt */; };
		835AB9B61D48C0CA00004461 /* DirectiveNot.txt in Resources */ = {isa = PBXBuildFile; fileRef = 835AB9781D48C09300004461 /* DirectiveNot.txt */; };
		835AB9B71D48C0CE00004461 /* DirectiveSections.txt in Resources */ = {isa = PBXBuildFile; fileRef = 835AB9791D48C09300004461 /* DirectiveSections.txt */; };
		835AB9B81D48C0D100004461 /* Function.txt in Resources */ = {isa = PBXBuildFile; fileRef = 835AB97A1D48C09300004461 /* Function.txt */; };
		835AB9B91D48C0D500004461 /* FunctionInclude.txt in Resources */ = {isa = PBXBuildFile; fileRef = 835AB97B1D48C09300004461 /* FunctionInclude.txt */; };
		835AB9BA1D48C0D900004461 /* InvalidLineInRoot.txt in Resources */ = {isa = PBXBuildFile; fileRef = 835AB97C1D48C09300004461 /* InvalidLineInRoot.txt */; };
		835AB9BB1D48C0DC00004461 /* InvalidLineInSection.txt in Resources */ = {isa = PBXBuildFile; fileRef = 835AB97D1D48C09300004461 /* InvalidLineInSection.txt */; };
		835AB9BC1D48C0E000004461 /* MultipleEmptySection.txt in Resources */ = {isa = PBXBuildFile; fileRef = 835AB97E1D48C09300004461 /* MultipleEmptySection.txt */; };
		835AB9BD1D48C0E300004461 /* MultipleEmptySectionAlternate.txt in Resources */ = {isa = PBXBuildFile; fileRef = 835AB97F1D48C09300004461 /* MultipleEmptySectionAlternate.txt */; };
		835AB9BE1D48C0E700004461 /* MultipleIncludeFile.txt in Resources */ = {isa = PBXBuildFile; fileRef = 835AB9801D48C09300004461 /* MultipleIncludeFile.txt */; };
		835AB9BF1D48C0EC00004461 /* NestedIncludeFile.txt in Resources */ = {isa = PBXBuildFile; fileRef = 835AB9811D48C09300004461 /* NestedIncludeFile.txt */; };
		835AB9C01D48C0EF00004461 /* RecursiveIncludeFile.txt in Resources */ = {isa = PBXBuildFile; fileRef = 835AB9821D48C09300004461 /* RecursiveIncludeFile.txt */; };
		835AB9C11D48C0F300004461 /* Replace.txt in Resources */ = {isa = PBXBuildFile; fileRef = 835AB9831D48C09300004461 /* Replace.txt */; };
		835AB9C21D48C0F600004461 /* SingleEmptySection.txt in Resources */ = {isa = PBXBuildFile; fileRef = 835AB9841D48C09300004461 /* SingleEmptySection.txt */; };
		835AB9C31D48C0FA00004461 /* SingleEmptySectionAlternate.txt in Resources */ = {isa = PBXBuildFile; fileRef = 835AB9851D48C09300004461 /* SingleEmptySectionAlternate.txt */; };
		835AB9C41D48C0FD00004461 /* SingleIncludeFile.txt in Resources */ = {isa = PBXBuildFile; fileRef = 835AB9861D48C09300004461 /* SingleIncludeFile.txt */; };
		835AB9C51D48C10100004461 /* SingleSection.txt in Resources */ = {isa = PBXBuildFile; fileRef = 835AB9871D48C09300004461 /* SingleSection.txt */; };
		835AB9C61D48C10500004461 /* SingleSectionMultipleValues.txt in Resources */ = {isa = PBXBuildFile; fileRef = 835AB9881D48C09300004461 /* SingleSectionMultipleValues.txt */; };
		835AB9C71D48C10800004461 /* SingleSectionWithComments.txt in Resources */ = {isa = PBXBuildFile; fileRef = 835AB9891D48C09300004461 /* SingleSectionWithComments.txt */; };
		835AB9C81D48C10B00004461 /* SingleSectionWithMultipleSubsection.txt in Resources */ = {isa = PBXBuildFile; fileRef = 835AB98A1D48C09300004461 /* SingleSectionWithMultipleSubsection.txt */; };
		835AB9C91D48C11000004461 /* SingleSectionWithSubsection.txt in Resources */ = {isa = PBXBuildFile; fileRef = 835AB98B1D48C09300004461 /* SingleSectionWithSubsection.txt */; };
		835AB9CA1D48C11300004461 /* Variable.txt in Resources */ = {isa = PBXBuildFile; fileRef = 835AB98C1D48C09300004461 /* Variable.txt */; };
		835AB9CB1D48C11700004461 /* VariableExternal.txt in Resources */ = {isa = PBXBuildFile; fileRef = 835AB98D1D48C09300004461 /* VariableExternal.txt */; };
		835AB9CC1D48C11B00004461 /* VariableInSection.txt in Resources */ = {isa = PBXBuildFile; fileRef = 835AB98E1D48C09300004461 /* VariableInSection.txt */; };
		835AB9CE1D48C3F700004461 /* BaseParserTests.swift in Sources */ = {isa = PBXBuildFile; fileRef = 835AB9CD1D48C3F700004461 /* BaseParserTests.swift */; };
		835AB9D21D48D28900004461 /* LineTests.swift in Sources */ = {isa = PBXBuildFile; fileRef = 835AB9D11D48D28900004461 /* LineTests.swift */; };
		835AB9D51D48DD9100004461 /* BaseParserSpec.swift in Sources */ = {isa = PBXBuildFile; fileRef = 835AB9D41D48DD9100004461 /* BaseParserSpec.swift */; };
		835AB9DB1D48F7E600004461 /* FunctionExpansionTests.swift in Sources */ = {isa = PBXBuildFile; fileRef = 835AB9DA1D48F7E600004461 /* FunctionExpansionTests.swift */; };
		835AB9E41D490F4900004461 /* VariableQuoted.txt in Resources */ = {isa = PBXBuildFile; fileRef = 835AB9E31D490F4900004461 /* VariableQuoted.txt */; };
		835AB9EA1D4972B300004461 /* EachExpansionTests.swift in Sources */ = {isa = PBXBuildFile; fileRef = 835AB9E91D4972B300004461 /* EachExpansionTests.swift */; };
		835AB9EB1D4973C000004461 /* Each.txt in Resources */ = {isa = PBXBuildFile; fileRef = 835AB9E71D49727000004461 /* Each.txt */; };
		835AB9EE1D4976A400004461 /* EachComplex.txt in Resources */ = {isa = PBXBuildFile; fileRef = 835AB9EC1D4976A400004461 /* EachComplex.txt */; };
		835AB9EF1D4976A400004461 /* VariableComplex.txt in Resources */ = {isa = PBXBuildFile; fileRef = 835AB9ED1D4976A400004461 /* VariableComplex.txt */; };
		839656BE1D4985C200666915 /* ExampleController.swift in Sources */ = {isa = PBXBuildFile; fileRef = 839656BD1D4985C200666915 /* ExampleController.swift */; };
		83A0AE091D61DC6B009A01D7 /* _Variables.layout in Resources */ = {isa = PBXBuildFile; fileRef = 83A0AE061D61DC6B009A01D7 /* _Variables.layout */; };
		83A0AE0A1D61DC6B009A01D7 /* Basic.layout in Resources */ = {isa = PBXBuildFile; fileRef = 83A0AE071D61DC6B009A01D7 /* Basic.layout */; };
		83A0AE0B1D61DC6B009A01D7 /* PositionPadding.layout in Resources */ = {isa = PBXBuildFile; fileRef = 83A0AE081D61DC6B009A01D7 /* PositionPadding.layout */; };
		83A0AE0D1D61DDC4009A01D7 /* Menu.layout in Resources */ = {isa = PBXBuildFile; fileRef = 83A0AE0C1D61DDC4009A01D7 /* Menu.layout */; };
		83A0AE0F1D61E8FB009A01D7 /* TrafficLights.layout in Resources */ = {isa = PBXBuildFile; fileRef = 83A0AE0E1D61E8FB009A01D7 /* TrafficLights.layout */; };
		83A0AE1B1D622AFA009A01D7 /* AutoLayout.layout in Resources */ = {isa = PBXBuildFile; fileRef = 83A0AE1A1D622AFA009A01D7 /* AutoLayout.layout */; };
		83A0AE1F1D634DC1009A01D7 /* ConvertTests.swift in Sources */ = {isa = PBXBuildFile; fileRef = 83A0AE1E1D634DC1009A01D7 /* ConvertTests.swift */; };
		83A0AE211D636663009A01D7 /* TrafficLightsController.swift in Sources */ = {isa = PBXBuildFile; fileRef = 83A0AE201D636663009A01D7 /* TrafficLightsController.swift */; };
		83A0AE231D6376FE009A01D7 /* AutoLayout.Centering.layout in Resources */ = {isa = PBXBuildFile; fileRef = 83A0AE221D6376FE009A01D7 /* AutoLayout.Centering.layout */; };
		83A0AE251D6384CD009A01D7 /* AutoLayout.Anchoring.layout in Resources */ = {isa = PBXBuildFile; fileRef = 83A0AE241D6384CD009A01D7 /* AutoLayout.Anchoring.layout */; };
		83A0AE271D638774009A01D7 /* AutoLayout.Offsets.layout in Resources */ = {isa = PBXBuildFile; fileRef = 83A0AE261D638774009A01D7 /* AutoLayout.Offsets.layout */; };
/* End PBXBuildFile section */

/* Begin PBXContainerItemProxy section */
		607FACE61AFB9204008FA782 /* PBXContainerItemProxy */ = {
			isa = PBXContainerItemProxy;
			containerPortal = 607FACC81AFB9204008FA782 /* Project object */;
			proxyType = 1;
			remoteGlobalIDString = 607FACCF1AFB9204008FA782;
			remoteInfo = OculusReparo;
		};
/* End PBXContainerItemProxy section */

/* Begin PBXFileReference section */
		01086108411D8E3971EE417A /* Pods-OculusReparo_Tests.release.xcconfig */ = {isa = PBXFileReference; includeInIndex = 1; lastKnownFileType = text.xcconfig; name = "Pods-OculusReparo_Tests.release.xcconfig"; path = "Pods/Target Support Files/Pods-OculusReparo_Tests/Pods-OculusReparo_Tests.release.xcconfig"; sourceTree = "<group>"; };
		0DAB996437C0E5D68B8391D8 /* Pods_OculusReparo_Example.framework */ = {isa = PBXFileReference; explicitFileType = wrapper.framework; includeInIndex = 0; path = Pods_OculusReparo_Example.framework; sourceTree = BUILT_PRODUCTS_DIR; };
		1888758608E7820F86B42704 /* Pods-OculusReparo_Example.release.xcconfig */ = {isa = PBXFileReference; includeInIndex = 1; lastKnownFileType = text.xcconfig; name = "Pods-OculusReparo_Example.release.xcconfig"; path = "Pods/Target Support Files/Pods-OculusReparo_Example/Pods-OculusReparo_Example.release.xcconfig"; sourceTree = "<group>"; };
		189D91273131B5CE4CB9D894 /* Pods-OculusReparo_Example.debug.xcconfig */ = {isa = PBXFileReference; includeInIndex = 1; lastKnownFileType = text.xcconfig; name = "Pods-OculusReparo_Example.debug.xcconfig"; path = "Pods/Target Support Files/Pods-OculusReparo_Example/Pods-OculusReparo_Example.debug.xcconfig"; sourceTree = "<group>"; };
		25571FD5BB8C82148BE53BF2 /* OculusReparo.podspec */ = {isa = PBXFileReference; includeInIndex = 1; lastKnownFileType = text; name = OculusReparo.podspec; path = ../OculusReparo.podspec; sourceTree = "<group>"; };
		32CD185DBC53D5C3DA7C203F /* README.md */ = {isa = PBXFileReference; includeInIndex = 1; lastKnownFileType = net.daringfireball.markdown; name = README.md; path = ../README.md; sourceTree = "<group>"; };
		607FACD01AFB9204008FA782 /* OculusReparo_Example.app */ = {isa = PBXFileReference; explicitFileType = wrapper.application; includeInIndex = 0; path = OculusReparo_Example.app; sourceTree = BUILT_PRODUCTS_DIR; };
		607FACD41AFB9204008FA782 /* Info.plist */ = {isa = PBXFileReference; lastKnownFileType = text.plist.xml; path = Info.plist; sourceTree = "<group>"; };
		607FACD51AFB9204008FA782 /* AppDelegate.swift */ = {isa = PBXFileReference; lastKnownFileType = sourcecode.swift; path = AppDelegate.swift; sourceTree = "<group>"; };
		607FACD71AFB9204008FA782 /* MenuController.swift */ = {isa = PBXFileReference; lastKnownFileType = sourcecode.swift; path = MenuController.swift; sourceTree = "<group>"; };
		607FACDA1AFB9204008FA782 /* Base */ = {isa = PBXFileReference; lastKnownFileType = file.storyboard; name = Base; path = Base.lproj/Main.storyboard; sourceTree = "<group>"; };
		607FACDC1AFB9204008FA782 /* Images.xcassets */ = {isa = PBXFileReference; lastKnownFileType = folder.assetcatalog; path = Images.xcassets; sourceTree = "<group>"; };
		607FACDF1AFB9204008FA782 /* Base */ = {isa = PBXFileReference; lastKnownFileType = file.xib; name = Base; path = Base.lproj/LaunchScreen.xib; sourceTree = "<group>"; };
		607FACE51AFB9204008FA782 /* OculusReparo_Tests.xctest */ = {isa = PBXFileReference; explicitFileType = wrapper.cfbundle; includeInIndex = 0; path = OculusReparo_Tests.xctest; sourceTree = BUILT_PRODUCTS_DIR; };
		607FACEA1AFB9204008FA782 /* Info.plist */ = {isa = PBXFileReference; lastKnownFileType = text.plist.xml; path = Info.plist; sourceTree = "<group>"; };
		6F5D6BCA652E92CD696172D7 /* Pods-OculusReparo_Tests.debug.xcconfig */ = {isa = PBXFileReference; includeInIndex = 1; lastKnownFileType = text.xcconfig; name = "Pods-OculusReparo_Tests.debug.xcconfig"; path = "Pods/Target Support Files/Pods-OculusReparo_Tests/Pods-OculusReparo_Tests.debug.xcconfig"; sourceTree = "<group>"; };
		8336F6F51D535C850009E629 /* ScopeTests.swift */ = {isa = PBXFileReference; fileEncoding = 4; lastKnownFileType = sourcecode.swift; path = ScopeTests.swift; sourceTree = "<group>"; };
		8336F6F71D5365580009E629 /* DirectiveTests.swift */ = {isa = PBXFileReference; fileEncoding = 4; lastKnownFileType = sourcecode.swift; path = DirectiveTests.swift; sourceTree = "<group>"; };
		835AB9721D48C09300004461 /* DirectiveTransformTests.swift */ = {isa = PBXFileReference; fileEncoding = 4; lastKnownFileType = sourcecode.swift; path = DirectiveTransformTests.swift; sourceTree = "<group>"; };
		835AB9731D48C09300004461 /* IncludeExpansionTests.swift */ = {isa = PBXFileReference; fileEncoding = 4; lastKnownFileType = sourcecode.swift; path = IncludeExpansionTests.swift; sourceTree = "<group>"; };
		835AB9741D48C09300004461 /* ParserTests.swift */ = {isa = PBXFileReference; fileEncoding = 4; lastKnownFileType = sourcecode.swift; path = ParserTests.swift; sourceTree = "<group>"; };
		835AB9751D48C09300004461 /* SampleReader.swift */ = {isa = PBXFileReference; fileEncoding = 4; lastKnownFileType = sourcecode.swift; path = SampleReader.swift; sourceTree = "<group>"; };
		835AB9771D48C09300004461 /* Directive.txt */ = {isa = PBXFileReference; fileEncoding = 4; lastKnownFileType = text; path = Directive.txt; sourceTree = "<group>"; };
		835AB9781D48C09300004461 /* DirectiveNot.txt */ = {isa = PBXFileReference; fileEncoding = 4; lastKnownFileType = text; path = DirectiveNot.txt; sourceTree = "<group>"; };
		835AB9791D48C09300004461 /* DirectiveSections.txt */ = {isa = PBXFileReference; fileEncoding = 4; lastKnownFileType = text; path = DirectiveSections.txt; sourceTree = "<group>"; };
		835AB97A1D48C09300004461 /* Function.txt */ = {isa = PBXFileReference; fileEncoding = 4; lastKnownFileType = text; path = Function.txt; sourceTree = "<group>"; };
		835AB97B1D48C09300004461 /* FunctionInclude.txt */ = {isa = PBXFileReference; fileEncoding = 4; lastKnownFileType = text; path = FunctionInclude.txt; sourceTree = "<group>"; };
		835AB97C1D48C09300004461 /* InvalidLineInRoot.txt */ = {isa = PBXFileReference; fileEncoding = 4; lastKnownFileType = text; path = InvalidLineInRoot.txt; sourceTree = "<group>"; };
		835AB97D1D48C09300004461 /* InvalidLineInSection.txt */ = {isa = PBXFileReference; fileEncoding = 4; lastKnownFileType = text; path = InvalidLineInSection.txt; sourceTree = "<group>"; };
		835AB97E1D48C09300004461 /* MultipleEmptySection.txt */ = {isa = PBXFileReference; fileEncoding = 4; lastKnownFileType = text; path = MultipleEmptySection.txt; sourceTree = "<group>"; };
		835AB97F1D48C09300004461 /* MultipleEmptySectionAlternate.txt */ = {isa = PBXFileReference; fileEncoding = 4; lastKnownFileType = text; path = MultipleEmptySectionAlternate.txt; sourceTree = "<group>"; };
		835AB9801D48C09300004461 /* MultipleIncludeFile.txt */ = {isa = PBXFileReference; fileEncoding = 4; lastKnownFileType = text; path = MultipleIncludeFile.txt; sourceTree = "<group>"; };
		835AB9811D48C09300004461 /* NestedIncludeFile.txt */ = {isa = PBXFileReference; fileEncoding = 4; lastKnownFileType = text; path = NestedIncludeFile.txt; sourceTree = "<group>"; };
		835AB9821D48C09300004461 /* RecursiveIncludeFile.txt */ = {isa = PBXFileReference; fileEncoding = 4; lastKnownFileType = text; path = RecursiveIncludeFile.txt; sourceTree = "<group>"; };
		835AB9831D48C09300004461 /* Replace.txt */ = {isa = PBXFileReference; fileEncoding = 4; lastKnownFileType = text; path = Replace.txt; sourceTree = "<group>"; };
		835AB9841D48C09300004461 /* SingleEmptySection.txt */ = {isa = PBXFileReference; fileEncoding = 4; lastKnownFileType = text; path = SingleEmptySection.txt; sourceTree = "<group>"; };
		835AB9851D48C09300004461 /* SingleEmptySectionAlternate.txt */ = {isa = PBXFileReference; fileEncoding = 4; lastKnownFileType = text; path = SingleEmptySectionAlternate.txt; sourceTree = "<group>"; };
		835AB9861D48C09300004461 /* SingleIncludeFile.txt */ = {isa = PBXFileReference; fileEncoding = 4; lastKnownFileType = text; path = SingleIncludeFile.txt; sourceTree = "<group>"; };
		835AB9871D48C09300004461 /* SingleSection.txt */ = {isa = PBXFileReference; fileEncoding = 4; lastKnownFileType = text; path = SingleSection.txt; sourceTree = "<group>"; };
		835AB9881D48C09300004461 /* SingleSectionMultipleValues.txt */ = {isa = PBXFileReference; fileEncoding = 4; lastKnownFileType = text; path = SingleSectionMultipleValues.txt; sourceTree = "<group>"; };
		835AB9891D48C09300004461 /* SingleSectionWithComments.txt */ = {isa = PBXFileReference; fileEncoding = 4; lastKnownFileType = text; path = SingleSectionWithComments.txt; sourceTree = "<group>"; };
		835AB98A1D48C09300004461 /* SingleSectionWithMultipleSubsection.txt */ = {isa = PBXFileReference; fileEncoding = 4; lastKnownFileType = text; path = SingleSectionWithMultipleSubsection.txt; sourceTree = "<group>"; };
		835AB98B1D48C09300004461 /* SingleSectionWithSubsection.txt */ = {isa = PBXFileReference; fileEncoding = 4; lastKnownFileType = text; path = SingleSectionWithSubsection.txt; sourceTree = "<group>"; };
		835AB98C1D48C09300004461 /* Variable.txt */ = {isa = PBXFileReference; fileEncoding = 4; lastKnownFileType = text; path = Variable.txt; sourceTree = "<group>"; };
		835AB98D1D48C09300004461 /* VariableExternal.txt */ = {isa = PBXFileReference; fileEncoding = 4; lastKnownFileType = text; path = VariableExternal.txt; sourceTree = "<group>"; };
		835AB98E1D48C09300004461 /* VariableInSection.txt */ = {isa = PBXFileReference; fileEncoding = 4; lastKnownFileType = text; path = VariableInSection.txt; sourceTree = "<group>"; };
		835AB98F1D48C09300004461 /* StateMachineTests.swift */ = {isa = PBXFileReference; fileEncoding = 4; lastKnownFileType = sourcecode.swift; path = StateMachineTests.swift; sourceTree = "<group>"; };
		835AB9901D48C09300004461 /* VariableTransformTests.swift */ = {isa = PBXFileReference; fileEncoding = 4; lastKnownFileType = sourcecode.swift; path = VariableTransformTests.swift; sourceTree = "<group>"; };
		835AB9CD1D48C3F700004461 /* BaseParserTests.swift */ = {isa = PBXFileReference; fileEncoding = 4; lastKnownFileType = sourcecode.swift; path = BaseParserTests.swift; sourceTree = "<group>"; };
		835AB9D11D48D28900004461 /* LineTests.swift */ = {isa = PBXFileReference; fileEncoding = 4; lastKnownFileType = sourcecode.swift; path = LineTests.swift; sourceTree = "<group>"; };
		835AB9D41D48DD9100004461 /* BaseParserSpec.swift */ = {isa = PBXFileReference; fileEncoding = 4; lastKnownFileType = sourcecode.swift; path = BaseParserSpec.swift; sourceTree = "<group>"; };
		835AB9DA1D48F7E600004461 /* FunctionExpansionTests.swift */ = {isa = PBXFileReference; fileEncoding = 4; lastKnownFileType = sourcecode.swift; path = FunctionExpansionTests.swift; sourceTree = "<group>"; };
		835AB9E31D490F4900004461 /* VariableQuoted.txt */ = {isa = PBXFileReference; fileEncoding = 4; lastKnownFileType = text; path = VariableQuoted.txt; sourceTree = "<group>"; };
		835AB9E71D49727000004461 /* Each.txt */ = {isa = PBXFileReference; fileEncoding = 4; lastKnownFileType = text; path = Each.txt; sourceTree = "<group>"; };
		835AB9E91D4972B300004461 /* EachExpansionTests.swift */ = {isa = PBXFileReference; fileEncoding = 4; lastKnownFileType = sourcecode.swift; path = EachExpansionTests.swift; sourceTree = "<group>"; };
		835AB9EC1D4976A400004461 /* EachComplex.txt */ = {isa = PBXFileReference; fileEncoding = 4; lastKnownFileType = text; path = EachComplex.txt; sourceTree = "<group>"; };
		835AB9ED1D4976A400004461 /* VariableComplex.txt */ = {isa = PBXFileReference; fileEncoding = 4; lastKnownFileType = text; path = VariableComplex.txt; sourceTree = "<group>"; };
		839656BD1D4985C200666915 /* ExampleController.swift */ = {isa = PBXFileReference; fileEncoding = 4; lastKnownFileType = sourcecode.swift; path = ExampleController.swift; sourceTree = "<group>"; };
		83A0AE061D61DC6B009A01D7 /* _Variables.layout */ = {isa = PBXFileReference; fileEncoding = 4; lastKnownFileType = text; name = _Variables.layout; path = Layouts/_Variables.layout; sourceTree = "<group>"; };
		83A0AE071D61DC6B009A01D7 /* Basic.layout */ = {isa = PBXFileReference; fileEncoding = 4; lastKnownFileType = text; name = Basic.layout; path = Layouts/Basic.layout; sourceTree = "<group>"; };
		83A0AE081D61DC6B009A01D7 /* PositionPadding.layout */ = {isa = PBXFileReference; fileEncoding = 4; lastKnownFileType = text; name = PositionPadding.layout; path = Layouts/PositionPadding.layout; sourceTree = "<group>"; };
		83A0AE0C1D61DDC4009A01D7 /* Menu.layout */ = {isa = PBXFileReference; fileEncoding = 4; lastKnownFileType = text; name = Menu.layout; path = Layouts/Menu.layout; sourceTree = "<group>"; };
		83A0AE0E1D61E8FB009A01D7 /* TrafficLights.layout */ = {isa = PBXFileReference; fileEncoding = 4; lastKnownFileType = text; name = TrafficLights.layout; path = Layouts/TrafficLights.layout; sourceTree = "<group>"; };
		83A0AE1A1D622AFA009A01D7 /* AutoLayout.layout */ = {isa = PBXFileReference; fileEncoding = 4; lastKnownFileType = text; name = AutoLayout.layout; path = Layouts/AutoLayout.layout; sourceTree = "<group>"; };
		83A0AE1E1D634DC1009A01D7 /* ConvertTests.swift */ = {isa = PBXFileReference; fileEncoding = 4; lastKnownFileType = sourcecode.swift; path = ConvertTests.swift; sourceTree = "<group>"; };
		83A0AE201D636663009A01D7 /* TrafficLightsController.swift */ = {isa = PBXFileReference; fileEncoding = 4; lastKnownFileType = sourcecode.swift; path = TrafficLightsController.swift; sourceTree = "<group>"; };
		83A0AE221D6376FE009A01D7 /* AutoLayout.Centering.layout */ = {isa = PBXFileReference; fileEncoding = 4; lastKnownFileType = text; name = AutoLayout.Centering.layout; path = Layouts/AutoLayout.Centering.layout; sourceTree = "<group>"; };
		83A0AE241D6384CD009A01D7 /* AutoLayout.Anchoring.layout */ = {isa = PBXFileReference; fileEncoding = 4; lastKnownFileType = text; name = AutoLayout.Anchoring.layout; path = Layouts/AutoLayout.Anchoring.layout; sourceTree = "<group>"; };
		83A0AE261D638774009A01D7 /* AutoLayout.Offsets.layout */ = {isa = PBXFileReference; fileEncoding = 4; lastKnownFileType = text; name = AutoLayout.Offsets.layout; path = Layouts/AutoLayout.Offsets.layout; sourceTree = "<group>"; };
		A72F17BE580D8CF2CE57171E /* LICENSE */ = {isa = PBXFileReference; includeInIndex = 1; lastKnownFileType = text; name = LICENSE; path = ../LICENSE; sourceTree = "<group>"; };
		E47434D0ED904A0AB337E96F /* Pods_OculusReparo_Tests.framework */ = {isa = PBXFileReference; explicitFileType = wrapper.framework; includeInIndex = 0; path = Pods_OculusReparo_Tests.framework; sourceTree = BUILT_PRODUCTS_DIR; };
/* End PBXFileReference section */

/* Begin PBXFrameworksBuildPhase section */
		607FACCD1AFB9204008FA782 /* Frameworks */ = {
			isa = PBXFrameworksBuildPhase;
			buildActionMask = 2147483647;
			files = (
				51C444492E95EA82EE077C2A /* Pods_OculusReparo_Example.framework in Frameworks */,
			);
			runOnlyForDeploymentPostprocessing = 0;
		};
		607FACE21AFB9204008FA782 /* Frameworks */ = {
			isa = PBXFrameworksBuildPhase;
			buildActionMask = 2147483647;
			files = (
				7A9A1596DEF2E0435D96E2D6 /* Pods_OculusReparo_Tests.framework in Frameworks */,
			);
			runOnlyForDeploymentPostprocessing = 0;
		};
/* End PBXFrameworksBuildPhase section */

/* Begin PBXGroup section */
		25E65F5C5931CE1306A14B7C /* Frameworks */ = {
			isa = PBXGroup;
			children = (
				0DAB996437C0E5D68B8391D8 /* Pods_OculusReparo_Example.framework */,
				E47434D0ED904A0AB337E96F /* Pods_OculusReparo_Tests.framework */,
			);
			name = Frameworks;
			sourceTree = "<group>";
		};
		607FACC71AFB9204008FA782 = {
			isa = PBXGroup;
			children = (
				607FACF51AFB993E008FA782 /* Podspec Metadata */,
				607FACD21AFB9204008FA782 /* Example for OculusReparo */,
				607FACE81AFB9204008FA782 /* Tests */,
				607FACD11AFB9204008FA782 /* Products */,
				A8C30E3429BDDDE54A465F56 /* Pods */,
				25E65F5C5931CE1306A14B7C /* Frameworks */,
			);
			sourceTree = "<group>";
		};
		607FACD11AFB9204008FA782 /* Products */ = {
			isa = PBXGroup;
			children = (
				607FACD01AFB9204008FA782 /* OculusReparo_Example.app */,
				607FACE51AFB9204008FA782 /* OculusReparo_Tests.xctest */,
			);
			name = Products;
			sourceTree = "<group>";
		};
		607FACD21AFB9204008FA782 /* Example for OculusReparo */ = {
			isa = PBXGroup;
			children = (
				607FACD51AFB9204008FA782 /* AppDelegate.swift */,
				839656BD1D4985C200666915 /* ExampleController.swift */,
				607FACD71AFB9204008FA782 /* MenuController.swift */,
				83A0AE201D636663009A01D7 /* TrafficLightsController.swift */,
				607FACD91AFB9204008FA782 /* Main.storyboard */,
				607FACDC1AFB9204008FA782 /* Images.xcassets */,
				607FACDE1AFB9204008FA782 /* LaunchScreen.xib */,
				607FACD31AFB9204008FA782 /* Supporting Files */,
				83C514D41D48B8E400A81038 /* Layouts */,
			);
			name = "Example for OculusReparo";
			path = OculusReparo;
			sourceTree = "<group>";
		};
		607FACD31AFB9204008FA782 /* Supporting Files */ = {
			isa = PBXGroup;
			children = (
				607FACD41AFB9204008FA782 /* Info.plist */,
			);
			name = "Supporting Files";
			sourceTree = "<group>";
		};
		607FACE81AFB9204008FA782 /* Tests */ = {
			isa = PBXGroup;
			children = (
				607FACE91AFB9204008FA782 /* Supporting Files */,
				835AB9761D48C09300004461 /* Samples */,
				835AB9E21D490BC700004461 /* Expansions */,
				835AB9DC1D48FF7E00004461 /* Transforms */,
				835AB9CD1D48C3F700004461 /* BaseParserTests.swift */,
				835AB9D41D48DD9100004461 /* BaseParserSpec.swift */,
				835AB9741D48C09300004461 /* ParserTests.swift */,
				835AB9751D48C09300004461 /* SampleReader.swift */,
				835AB98F1D48C09300004461 /* StateMachineTests.swift */,
				835AB9D11D48D28900004461 /* LineTests.swift */,
				8336F6F51D535C850009E629 /* ScopeTests.swift */,
				8336F6F71D5365580009E629 /* DirectiveTests.swift */,
				83A0AE1E1D634DC1009A01D7 /* ConvertTests.swift */,
			);
			path = Tests;
			sourceTree = "<group>";
		};
		607FACE91AFB9204008FA782 /* Supporting Files */ = {
			isa = PBXGroup;
			children = (
				607FACEA1AFB9204008FA782 /* Info.plist */,
			);
			name = "Supporting Files";
			sourceTree = "<group>";
		};
		607FACF51AFB993E008FA782 /* Podspec Metadata */ = {
			isa = PBXGroup;
			children = (
				25571FD5BB8C82148BE53BF2 /* OculusReparo.podspec */,
				32CD185DBC53D5C3DA7C203F /* README.md */,
				A72F17BE580D8CF2CE57171E /* LICENSE */,
			);
			name = "Podspec Metadata";
			sourceTree = "<group>";
		};
		835AB9761D48C09300004461 /* Samples */ = {
			isa = PBXGroup;
			children = (
				835AB9771D48C09300004461 /* Directive.txt */,
				835AB9781D48C09300004461 /* DirectiveNot.txt */,
				835AB9791D48C09300004461 /* DirectiveSections.txt */,
				835AB9E71D49727000004461 /* Each.txt */,
				835AB9EC1D4976A400004461 /* EachComplex.txt */,
				835AB97A1D48C09300004461 /* Function.txt */,
				835AB97B1D48C09300004461 /* FunctionInclude.txt */,
				835AB97C1D48C09300004461 /* InvalidLineInRoot.txt */,
				835AB97D1D48C09300004461 /* InvalidLineInSection.txt */,
				835AB97E1D48C09300004461 /* MultipleEmptySection.txt */,
				835AB97F1D48C09300004461 /* MultipleEmptySectionAlternate.txt */,
				835AB9801D48C09300004461 /* MultipleIncludeFile.txt */,
				835AB9811D48C09300004461 /* NestedIncludeFile.txt */,
				835AB9821D48C09300004461 /* RecursiveIncludeFile.txt */,
				835AB9831D48C09300004461 /* Replace.txt */,
				835AB9841D48C09300004461 /* SingleEmptySection.txt */,
				835AB9851D48C09300004461 /* SingleEmptySectionAlternate.txt */,
				835AB9861D48C09300004461 /* SingleIncludeFile.txt */,
				835AB9871D48C09300004461 /* SingleSection.txt */,
				835AB9881D48C09300004461 /* SingleSectionMultipleValues.txt */,
				835AB9891D48C09300004461 /* SingleSectionWithComments.txt */,
				835AB98A1D48C09300004461 /* SingleSectionWithMultipleSubsection.txt */,
				835AB98B1D48C09300004461 /* SingleSectionWithSubsection.txt */,
				835AB98C1D48C09300004461 /* Variable.txt */,
				835AB9ED1D4976A400004461 /* VariableComplex.txt */,
				835AB98D1D48C09300004461 /* VariableExternal.txt */,
				835AB98E1D48C09300004461 /* VariableInSection.txt */,
				835AB9E31D490F4900004461 /* VariableQuoted.txt */,
			);
			path = Samples;
			sourceTree = "<group>";
		};
		835AB9DC1D48FF7E00004461 /* Transforms */ = {
			isa = PBXGroup;
			children = (
				835AB9721D48C09300004461 /* DirectiveTransformTests.swift */,
				835AB9901D48C09300004461 /* VariableTransformTests.swift */,
			);
			name = Transforms;
			sourceTree = "<group>";
		};
		835AB9E21D490BC700004461 /* Expansions */ = {
			isa = PBXGroup;
			children = (
				835AB9731D48C09300004461 /* IncludeExpansionTests.swift */,
				835AB9DA1D48F7E600004461 /* FunctionExpansionTests.swift */,
				835AB9E91D4972B300004461 /* EachExpansionTests.swift */,
			);
			name = Expansions;
			sourceTree = "<group>";
		};
		83C514D41D48B8E400A81038 /* Layouts */ = {
			isa = PBXGroup;
			children = (
				83A0AE241D6384CD009A01D7 /* AutoLayout.Anchoring.layout */,
				83A0AE221D6376FE009A01D7 /* AutoLayout.Centering.layout */,
				83A0AE261D638774009A01D7 /* AutoLayout.Offsets.layout */,
				83A0AE1A1D622AFA009A01D7 /* AutoLayout.layout */,
				83A0AE0E1D61E8FB009A01D7 /* TrafficLights.layout */,
				83A0AE061D61DC6B009A01D7 /* _Variables.layout */,
				83A0AE071D61DC6B009A01D7 /* Basic.layout */,
				83A0AE0C1D61DDC4009A01D7 /* Menu.layout */,
				83A0AE081D61DC6B009A01D7 /* PositionPadding.layout */,
			);
			name = Layouts;
			sourceTree = "<group>";
		};
		A8C30E3429BDDDE54A465F56 /* Pods */ = {
			isa = PBXGroup;
			children = (
				189D91273131B5CE4CB9D894 /* Pods-OculusReparo_Example.debug.xcconfig */,
				1888758608E7820F86B42704 /* Pods-OculusReparo_Example.release.xcconfig */,
				6F5D6BCA652E92CD696172D7 /* Pods-OculusReparo_Tests.debug.xcconfig */,
				01086108411D8E3971EE417A /* Pods-OculusReparo_Tests.release.xcconfig */,
			);
			name = Pods;
			sourceTree = "<group>";
		};
/* End PBXGroup section */

/* Begin PBXNativeTarget section */
		607FACCF1AFB9204008FA782 /* OculusReparo_Example */ = {
			isa = PBXNativeTarget;
			buildConfigurationList = 607FACEF1AFB9204008FA782 /* Build configuration list for PBXNativeTarget "OculusReparo_Example" */;
			buildPhases = (
				0FF19762BD4F3BF4FD893DA8 /* [CP] Check Pods Manifest.lock */,
				607FACCC1AFB9204008FA782 /* Sources */,
				607FACCD1AFB9204008FA782 /* Frameworks */,
				607FACCE1AFB9204008FA782 /* Resources */,
				EC6645E08518A2E39141C84E /* [CP] Embed Pods Frameworks */,
				6AFB4134A6DD021B85A73407 /* [CP] Copy Pods Resources */,
			);
			buildRules = (
			);
			dependencies = (
			);
			name = OculusReparo_Example;
			productName = OculusReparo;
			productReference = 607FACD01AFB9204008FA782 /* OculusReparo_Example.app */;
			productType = "com.apple.product-type.application";
		};
		607FACE41AFB9204008FA782 /* OculusReparo_Tests */ = {
			isa = PBXNativeTarget;
			buildConfigurationList = 607FACF21AFB9204008FA782 /* Build configuration list for PBXNativeTarget "OculusReparo_Tests" */;
			buildPhases = (
				F6773B40E9BC3C2C7E66A7C8 /* [CP] Check Pods Manifest.lock */,
				607FACE11AFB9204008FA782 /* Sources */,
				607FACE21AFB9204008FA782 /* Frameworks */,
				607FACE31AFB9204008FA782 /* Resources */,
				D8126C0BC67E0CD198DB046D /* [CP] Embed Pods Frameworks */,
				CCB355BE1AEF2F4B7725A363 /* [CP] Copy Pods Resources */,
			);
			buildRules = (
			);
			dependencies = (
				607FACE71AFB9204008FA782 /* PBXTargetDependency */,
			);
			name = OculusReparo_Tests;
			productName = Tests;
			productReference = 607FACE51AFB9204008FA782 /* OculusReparo_Tests.xctest */;
			productType = "com.apple.product-type.bundle.unit-test";
		};
/* End PBXNativeTarget section */

/* Begin PBXProject section */
		607FACC81AFB9204008FA782 /* Project object */ = {
			isa = PBXProject;
			attributes = {
				LastSwiftUpdateCheck = 0720;
				LastUpgradeCheck = 0820;
				ORGANIZATIONNAME = CocoaPods;
				TargetAttributes = {
					607FACCF1AFB9204008FA782 = {
						CreatedOnToolsVersion = 6.3.1;
						DevelopmentTeam = PMKXZBAW6W;
						LastSwiftMigration = 0820;
					};
					607FACE41AFB9204008FA782 = {
						CreatedOnToolsVersion = 6.3.1;
						DevelopmentTeam = PMKXZBAW6W;
						LastSwiftMigration = 0820;
						TestTargetID = 607FACCF1AFB9204008FA782;
					};
				};
			};
			buildConfigurationList = 607FACCB1AFB9204008FA782 /* Build configuration list for PBXProject "OculusReparo" */;
			compatibilityVersion = "Xcode 3.2";
			developmentRegion = English;
			hasScannedForEncodings = 0;
			knownRegions = (
				en,
				Base,
			);
			mainGroup = 607FACC71AFB9204008FA782;
			productRefGroup = 607FACD11AFB9204008FA782 /* Products */;
			projectDirPath = "";
			projectRoot = "";
			targets = (
				607FACCF1AFB9204008FA782 /* OculusReparo_Example */,
				607FACE41AFB9204008FA782 /* OculusReparo_Tests */,
			);
		};
/* End PBXProject section */

/* Begin PBXResourcesBuildPhase section */
		607FACCE1AFB9204008FA782 /* Resources */ = {
			isa = PBXResourcesBuildPhase;
			buildActionMask = 2147483647;
			files = (
				83A0AE091D61DC6B009A01D7 /* _Variables.layout in Resources */,
				607FACDB1AFB9204008FA782 /* Main.storyboard in Resources */,
				83A0AE0F1D61E8FB009A01D7 /* TrafficLights.layout in Resources */,
				607FACE01AFB9204008FA782 /* LaunchScreen.xib in Resources */,
				83A0AE271D638774009A01D7 /* AutoLayout.Offsets.layout in Resources */,
				83A0AE1B1D622AFA009A01D7 /* AutoLayout.layout in Resources */,
				83A0AE0D1D61DDC4009A01D7 /* Menu.layout in Resources */,
				83A0AE251D6384CD009A01D7 /* AutoLayout.Anchoring.layout in Resources */,
				83A0AE0A1D61DC6B009A01D7 /* Basic.layout in Resources */,
				83A0AE231D6376FE009A01D7 /* AutoLayout.Centering.layout in Resources */,
				83A0AE0B1D61DC6B009A01D7 /* PositionPadding.layout in Resources */,
				607FACDD1AFB9204008FA782 /* Images.xcassets in Resources */,
			);
			runOnlyForDeploymentPostprocessing = 0;
		};
		607FACE31AFB9204008FA782 /* Resources */ = {
			isa = PBXResourcesBuildPhase;
			buildActionMask = 2147483647;
			files = (
				835AB9CB1D48C11700004461 /* VariableExternal.txt in Resources */,
				835AB9C21D48C0F600004461 /* SingleEmptySection.txt in Resources */,
				835AB9C71D48C10800004461 /* SingleSectionWithComments.txt in Resources */,
				835AB9BD1D48C0E300004461 /* MultipleEmptySectionAlternate.txt in Resources */,
				835AB9C11D48C0F300004461 /* Replace.txt in Resources */,
				835AB9CC1D48C11B00004461 /* VariableInSection.txt in Resources */,
				835AB9B91D48C0D500004461 /* FunctionInclude.txt in Resources */,
				835AB9C61D48C10500004461 /* SingleSectionMultipleValues.txt in Resources */,
				835AB9B81D48C0D100004461 /* Function.txt in Resources */,
				835AB9BE1D48C0E700004461 /* MultipleIncludeFile.txt in Resources */,
				835AB9E41D490F4900004461 /* VariableQuoted.txt in Resources */,
				835AB9C31D48C0FA00004461 /* SingleEmptySectionAlternate.txt in Resources */,
				835AB9C51D48C10100004461 /* SingleSection.txt in Resources */,
				835AB9EE1D4976A400004461 /* EachComplex.txt in Resources */,
				835AB9CA1D48C11300004461 /* Variable.txt in Resources */,
				835AB9B71D48C0CE00004461 /* DirectiveSections.txt in Resources */,
				835AB9B61D48C0CA00004461 /* DirectiveNot.txt in Resources */,
				835AB9C41D48C0FD00004461 /* SingleIncludeFile.txt in Resources */,
				835AB9EB1D4973C000004461 /* Each.txt in Resources */,
				835AB9C91D48C11000004461 /* SingleSectionWithSubsection.txt in Resources */,
				835AB9B51D48C0C700004461 /* Directive.txt in Resources */,
				835AB9BF1D48C0EC00004461 /* NestedIncludeFile.txt in Resources */,
				835AB9C81D48C10B00004461 /* SingleSectionWithMultipleSubsection.txt in Resources */,
				835AB9EF1D4976A400004461 /* VariableComplex.txt in Resources */,
				835AB9BA1D48C0D900004461 /* InvalidLineInRoot.txt in Resources */,
				835AB9BC1D48C0E000004461 /* MultipleEmptySection.txt in Resources */,
				835AB9C01D48C0EF00004461 /* RecursiveIncludeFile.txt in Resources */,
				835AB9BB1D48C0DC00004461 /* InvalidLineInSection.txt in Resources */,
			);
			runOnlyForDeploymentPostprocessing = 0;
		};
/* End PBXResourcesBuildPhase section */

/* Begin PBXShellScriptBuildPhase section */
		0FF19762BD4F3BF4FD893DA8 /* [CP] Check Pods Manifest.lock */ = {
			isa = PBXShellScriptBuildPhase;
			buildActionMask = 2147483647;
			files = (
			);
			inputPaths = (
			);
			name = "[CP] Check Pods Manifest.lock";
			outputPaths = (
			);
			runOnlyForDeploymentPostprocessing = 0;
			shellPath = /bin/sh;
			shellScript = "diff \"${PODS_ROOT}/../Podfile.lock\" \"${PODS_ROOT}/Manifest.lock\" > /dev/null\nif [ $? != 0 ] ; then\n    # print error to STDERR\n    echo \"error: The sandbox is not in sync with the Podfile.lock. Run 'pod install' or update your CocoaPods installation.\" >&2\n    exit 1\nfi\n";
			showEnvVarsInLog = 0;
		};
		6AFB4134A6DD021B85A73407 /* [CP] Copy Pods Resources */ = {
			isa = PBXShellScriptBuildPhase;
			buildActionMask = 2147483647;
			files = (
			);
			inputPaths = (
			);
			name = "[CP] Copy Pods Resources";
			outputPaths = (
			);
			runOnlyForDeploymentPostprocessing = 0;
			shellPath = /bin/sh;
			shellScript = "\"${SRCROOT}/Pods/Target Support Files/Pods-OculusReparo_Example/Pods-OculusReparo_Example-resources.sh\"\n";
			showEnvVarsInLog = 0;
		};
		CCB355BE1AEF2F4B7725A363 /* [CP] Copy Pods Resources */ = {
			isa = PBXShellScriptBuildPhase;
			buildActionMask = 2147483647;
			files = (
			);
			inputPaths = (
			);
			name = "[CP] Copy Pods Resources";
			outputPaths = (
			);
			runOnlyForDeploymentPostprocessing = 0;
			shellPath = /bin/sh;
			shellScript = "\"${SRCROOT}/Pods/Target Support Files/Pods-OculusReparo_Tests/Pods-OculusReparo_Tests-resources.sh\"\n";
			showEnvVarsInLog = 0;
		};
		D8126C0BC67E0CD198DB046D /* [CP] Embed Pods Frameworks */ = {
			isa = PBXShellScriptBuildPhase;
			buildActionMask = 2147483647;
			files = (
			);
			inputPaths = (
			);
			name = "[CP] Embed Pods Frameworks";
			outputPaths = (
			);
			runOnlyForDeploymentPostprocessing = 0;
			shellPath = /bin/sh;
			shellScript = "\"${SRCROOT}/Pods/Target Support Files/Pods-OculusReparo_Tests/Pods-OculusReparo_Tests-frameworks.sh\"\n";
			showEnvVarsInLog = 0;
		};
		EC6645E08518A2E39141C84E /* [CP] Embed Pods Frameworks */ = {
			isa = PBXShellScriptBuildPhase;
			buildActionMask = 2147483647;
			files = (
			);
			inputPaths = (
			);
			name = "[CP] Embed Pods Frameworks";
			outputPaths = (
			);
			runOnlyForDeploymentPostprocessing = 0;
			shellPath = /bin/sh;
			shellScript = "\"${SRCROOT}/Pods/Target Support Files/Pods-OculusReparo_Example/Pods-OculusReparo_Example-frameworks.sh\"\n";
			showEnvVarsInLog = 0;
		};
		F6773B40E9BC3C2C7E66A7C8 /* [CP] Check Pods Manifest.lock */ = {
			isa = PBXShellScriptBuildPhase;
			buildActionMask = 2147483647;
			files = (
			);
			inputPaths = (
			);
			name = "[CP] Check Pods Manifest.lock";
			outputPaths = (
			);
			runOnlyForDeploymentPostprocessing = 0;
			shellPath = /bin/sh;
			shellScript = "diff \"${PODS_ROOT}/../Podfile.lock\" \"${PODS_ROOT}/Manifest.lock\" > /dev/null\nif [ $? != 0 ] ; then\n    # print error to STDERR\n    echo \"error: The sandbox is not in sync with the Podfile.lock. Run 'pod install' or update your CocoaPods installation.\" >&2\n    exit 1\nfi\n";
			showEnvVarsInLog = 0;
		};
/* End PBXShellScriptBuildPhase section */

/* Begin PBXSourcesBuildPhase section */
		607FACCC1AFB9204008FA782 /* Sources */ = {
			isa = PBXSourcesBuildPhase;
			buildActionMask = 2147483647;
			files = (
				607FACD81AFB9204008FA782 /* MenuController.swift in Sources */,
				839656BE1D4985C200666915 /* ExampleController.swift in Sources */,
				83A0AE211D636663009A01D7 /* TrafficLightsController.swift in Sources */,
				607FACD61AFB9204008FA782 /* AppDelegate.swift in Sources */,
			);
			runOnlyForDeploymentPostprocessing = 0;
		};
		607FACE11AFB9204008FA782 /* Sources */ = {
			isa = PBXSourcesBuildPhase;
			buildActionMask = 2147483647;
			files = (
				8336F6F61D535C850009E629 /* ScopeTests.swift in Sources */,
				835AB9EA1D4972B300004461 /* EachExpansionTests.swift in Sources */,
				835AB9D51D48DD9100004461 /* BaseParserSpec.swift in Sources */,
				835AB9DB1D48F7E600004461 /* FunctionExpansionTests.swift in Sources */,
				835AB9B11D48C0B300004461 /* ParserTests.swift in Sources */,
				835AB9D21D48D28900004461 /* LineTests.swift in Sources */,
				8336F6F81D5365580009E629 /* DirectiveTests.swift in Sources */,
				835AB9AF1D48C0AB00004461 /* DirectiveTransformTests.swift in Sources */,
				835AB9B01D48C0AF00004461 /* IncludeExpansionTests.swift in Sources */,
				83A0AE1F1D634DC1009A01D7 /* ConvertTests.swift in Sources */,
				835AB9B21D48C0B700004461 /* SampleReader.swift in Sources */,
				835AB9CE1D48C3F700004461 /* BaseParserTests.swift in Sources */,
				835AB9B31D48C0BB00004461 /* StateMachineTests.swift in Sources */,
				835AB9B41D48C0BF00004461 /* VariableTransformTests.swift in Sources */,
			);
			runOnlyForDeploymentPostprocessing = 0;
		};
/* End PBXSourcesBuildPhase section */

/* Begin PBXTargetDependency section */
		607FACE71AFB9204008FA782 /* PBXTargetDependency */ = {
			isa = PBXTargetDependency;
			target = 607FACCF1AFB9204008FA782 /* OculusReparo_Example */;
			targetProxy = 607FACE61AFB9204008FA782 /* PBXContainerItemProxy */;
		};
/* End PBXTargetDependency section */

/* Begin PBXVariantGroup section */
		607FACD91AFB9204008FA782 /* Main.storyboard */ = {
			isa = PBXVariantGroup;
			children = (
				607FACDA1AFB9204008FA782 /* Base */,
			);
			name = Main.storyboard;
			sourceTree = "<group>";
		};
		607FACDE1AFB9204008FA782 /* LaunchScreen.xib */ = {
			isa = PBXVariantGroup;
			children = (
				607FACDF1AFB9204008FA782 /* Base */,
			);
			name = LaunchScreen.xib;
			sourceTree = "<group>";
		};
/* End PBXVariantGroup section */

/* Begin XCBuildConfiguration section */
		607FACED1AFB9204008FA782 /* Debug */ = {
			isa = XCBuildConfiguration;
			buildSettings = {
				ALWAYS_SEARCH_USER_PATHS = NO;
				CLANG_CXX_LANGUAGE_STANDARD = "gnu++0x";
				CLANG_CXX_LIBRARY = "libc++";
				CLANG_ENABLE_MODULES = YES;
				CLANG_ENABLE_OBJC_ARC = YES;
				CLANG_WARN_BOOL_CONVERSION = YES;
				CLANG_WARN_CONSTANT_CONVERSION = YES;
				CLANG_WARN_DIRECT_OBJC_ISA_USAGE = YES_ERROR;
				CLANG_WARN_EMPTY_BODY = YES;
				CLANG_WARN_ENUM_CONVERSION = YES;
				CLANG_WARN_INFINITE_RECURSION = YES;
				CLANG_WARN_INT_CONVERSION = YES;
				CLANG_WARN_OBJC_ROOT_CLASS = YES_ERROR;
				CLANG_WARN_SUSPICIOUS_MOVE = YES;
				CLANG_WARN_UNREACHABLE_CODE = YES;
				CLANG_WARN__DUPLICATE_METHOD_MATCH = YES;
				"CODE_SIGN_IDENTITY[sdk=iphoneos*]" = "iPhone Developer";
				COPY_PHASE_STRIP = NO;
				DEBUG_INFORMATION_FORMAT = "dwarf-with-dsym";
				ENABLE_STRICT_OBJC_MSGSEND = YES;
				ENABLE_TESTABILITY = YES;
				GCC_C_LANGUAGE_STANDARD = gnu99;
				GCC_DYNAMIC_NO_PIC = NO;
				GCC_NO_COMMON_BLOCKS = YES;
				GCC_OPTIMIZATION_LEVEL = 0;
				GCC_PREPROCESSOR_DEFINITIONS = (
					"DEBUG=1",
					"$(inherited)",
				);
				GCC_SYMBOLS_PRIVATE_EXTERN = NO;
				GCC_WARN_64_TO_32_BIT_CONVERSION = YES;
				GCC_WARN_ABOUT_RETURN_TYPE = YES_ERROR;
				GCC_WARN_UNDECLARED_SELECTOR = YES;
				GCC_WARN_UNINITIALIZED_AUTOS = YES_AGGRESSIVE;
				GCC_WARN_UNUSED_FUNCTION = YES;
				GCC_WARN_UNUSED_VARIABLE = YES;
				IPHONEOS_DEPLOYMENT_TARGET = 9.0;
				MTL_ENABLE_DEBUG_INFO = YES;
				ONLY_ACTIVE_ARCH = YES;
				SDKROOT = iphoneos;
				SWIFT_OPTIMIZATION_LEVEL = "-Onone";
				SWIFT_VERSION = 2.3;
			};
			name = Debug;
		};
		607FACEE1AFB9204008FA782 /* Release */ = {
			isa = XCBuildConfiguration;
			buildSettings = {
				ALWAYS_SEARCH_USER_PATHS = NO;
				CLANG_CXX_LANGUAGE_STANDARD = "gnu++0x";
				CLANG_CXX_LIBRARY = "libc++";
				CLANG_ENABLE_MODULES = YES;
				CLANG_ENABLE_OBJC_ARC = YES;
				CLANG_WARN_BOOL_CONVERSION = YES;
				CLANG_WARN_CONSTANT_CONVERSION = YES;
				CLANG_WARN_DIRECT_OBJC_ISA_USAGE = YES_ERROR;
				CLANG_WARN_EMPTY_BODY = YES;
				CLANG_WARN_ENUM_CONVERSION = YES;
				CLANG_WARN_INFINITE_RECURSION = YES;
				CLANG_WARN_INT_CONVERSION = YES;
				CLANG_WARN_OBJC_ROOT_CLASS = YES_ERROR;
				CLANG_WARN_SUSPICIOUS_MOVE = YES;
				CLANG_WARN_UNREACHABLE_CODE = YES;
				CLANG_WARN__DUPLICATE_METHOD_MATCH = YES;
				"CODE_SIGN_IDENTITY[sdk=iphoneos*]" = "iPhone Developer";
				COPY_PHASE_STRIP = NO;
				DEBUG_INFORMATION_FORMAT = "dwarf-with-dsym";
				ENABLE_NS_ASSERTIONS = NO;
				ENABLE_STRICT_OBJC_MSGSEND = YES;
				GCC_C_LANGUAGE_STANDARD = gnu99;
				GCC_NO_COMMON_BLOCKS = YES;
				GCC_WARN_64_TO_32_BIT_CONVERSION = YES;
				GCC_WARN_ABOUT_RETURN_TYPE = YES_ERROR;
				GCC_WARN_UNDECLARED_SELECTOR = YES;
				GCC_WARN_UNINITIALIZED_AUTOS = YES_AGGRESSIVE;
				GCC_WARN_UNUSED_FUNCTION = YES;
				GCC_WARN_UNUSED_VARIABLE = YES;
				IPHONEOS_DEPLOYMENT_TARGET = 9.0;
				MTL_ENABLE_DEBUG_INFO = NO;
				SDKROOT = iphoneos;
				SWIFT_OPTIMIZATION_LEVEL = "-Owholemodule";
				SWIFT_VERSION = 2.3;
				VALIDATE_PRODUCT = YES;
			};
			name = Release;
		};
		607FACF01AFB9204008FA782 /* Debug */ = {
			isa = XCBuildConfiguration;
			baseConfigurationReference = 189D91273131B5CE4CB9D894 /* Pods-OculusReparo_Example.debug.xcconfig */;
			buildSettings = {
				ALWAYS_EMBED_SWIFT_STANDARD_LIBRARIES = YES;
				ASSETCATALOG_COMPILER_APPICON_NAME = AppIcon;
				DEVELOPMENT_TEAM = PMKXZBAW6W;
				INFOPLIST_FILE = OculusReparo/Info.plist;
				IPHONEOS_DEPLOYMENT_TARGET = 9.0;
				LD_RUNPATH_SEARCH_PATHS = "$(inherited) @executable_path/Frameworks";
				MODULE_NAME = ExampleApp;
				PRODUCT_BUNDLE_IDENTIFIER = "org.cocoapods.demo.$(PRODUCT_NAME:rfc1034identifier)";
				PRODUCT_NAME = "$(TARGET_NAME)";
				SWIFT_VERSION = 3.0;
				TARGETED_DEVICE_FAMILY = "1,2";
			};
			name = Debug;
		};
		607FACF11AFB9204008FA782 /* Release */ = {
			isa = XCBuildConfiguration;
			baseConfigurationReference = 1888758608E7820F86B42704 /* Pods-OculusReparo_Example.release.xcconfig */;
			buildSettings = {
				ALWAYS_EMBED_SWIFT_STANDARD_LIBRARIES = YES;
				ASSETCATALOG_COMPILER_APPICON_NAME = AppIcon;
				DEVELOPMENT_TEAM = PMKXZBAW6W;
				INFOPLIST_FILE = OculusReparo/Info.plist;
				IPHONEOS_DEPLOYMENT_TARGET = 9.0;
				LD_RUNPATH_SEARCH_PATHS = "$(inherited) @executable_path/Frameworks";
				MODULE_NAME = ExampleApp;
				PRODUCT_BUNDLE_IDENTIFIER = "org.cocoapods.demo.$(PRODUCT_NAME:rfc1034identifier)";
				PRODUCT_NAME = "$(TARGET_NAME)";
				SWIFT_VERSION = 3.0;
				TARGETED_DEVICE_FAMILY = "1,2";
			};
			name = Release;
		};
		607FACF31AFB9204008FA782 /* Debug */ = {
			isa = XCBuildConfiguration;
			baseConfigurationReference = 6F5D6BCA652E92CD696172D7 /* Pods-OculusReparo_Tests.debug.xcconfig */;
			buildSettings = {
				ALWAYS_EMBED_SWIFT_STANDARD_LIBRARIES = YES;
				DEVELOPMENT_TEAM = PMKXZBAW6W;
				FRAMEWORK_SEARCH_PATHS = (
					"$(SDKROOT)/Developer/Library/Frameworks",
					"$(inherited)",
				);
				GCC_PREPROCESSOR_DEFINITIONS = (
					"DEBUG=1",
					"$(inherited)",
				);
				INFOPLIST_FILE = Tests/Info.plist;
				LD_RUNPATH_SEARCH_PATHS = "$(inherited) @executable_path/Frameworks @loader_path/Frameworks";
				PRODUCT_BUNDLE_IDENTIFIER = "org.cocoapods.$(PRODUCT_NAME:rfc1034identifier)";
				PRODUCT_NAME = "$(TARGET_NAME)";
				SWIFT_VERSION = 3.0;
				TEST_HOST = "$(BUILT_PRODUCTS_DIR)/OculusReparo_Example.app/OculusReparo_Example";
			};
			name = Debug;
		};
		607FACF41AFB9204008FA782 /* Release */ = {
			isa = XCBuildConfiguration;
			baseConfigurationReference = 01086108411D8E3971EE417A /* Pods-OculusReparo_Tests.release.xcconfig */;
			buildSettings = {
				ALWAYS_EMBED_SWIFT_STANDARD_LIBRARIES = YES;
				DEVELOPMENT_TEAM = PMKXZBAW6W;
				FRAMEWORK_SEARCH_PATHS = (
					"$(SDKROOT)/Developer/Library/Frameworks",
					"$(inherited)",
				);
				INFOPLIST_FILE = Tests/Info.plist;
				LD_RUNPATH_SEARCH_PATHS = "$(inherited) @executable_path/Frameworks @loader_path/Frameworks";
				PRODUCT_BUNDLE_IDENTIFIER = "org.cocoapods.$(PRODUCT_NAME:rfc1034identifier)";
				PRODUCT_NAME = "$(TARGET_NAME)";
				SWIFT_VERSION = 3.0;
				TEST_HOST = "$(BUILT_PRODUCTS_DIR)/OculusReparo_Example.app/OculusReparo_Example";
			};
			name = Release;
		};
/* End XCBuildConfiguration section */

/* Begin XCConfigurationList section */
		607FACCB1AFB9204008FA782 /* Build configuration list for PBXProject "OculusReparo" */ = {
			isa = XCConfigurationList;
			buildConfigurations = (
				607FACED1AFB9204008FA782 /* Debug */,
				607FACEE1AFB9204008FA782 /* Release */,
			);
			defaultConfigurationIsVisible = 0;
			defaultConfigurationName = Release;
		};
		607FACEF1AFB9204008FA782 /* Build configuration list for PBXNativeTarget "OculusReparo_Example" */ = {
			isa = XCConfigurationList;
			buildConfigurations = (
				607FACF01AFB9204008FA782 /* Debug */,
				607FACF11AFB9204008FA782 /* Release */,
			);
			defaultConfigurationIsVisible = 0;
			defaultConfigurationName = Release;
		};
		607FACF21AFB9204008FA782 /* Build configuration list for PBXNativeTarget "OculusReparo_Tests" */ = {
			isa = XCConfigurationList;
			buildConfigurations = (
				607FACF31AFB9204008FA782 /* Debug */,
				607FACF41AFB9204008FA782 /* Release */,
			);
			defaultConfigurationIsVisible = 0;
			defaultConfigurationName = Release;
		};
/* End XCConfigurationList section */
	};
	rootObject = 607FACC81AFB9204008FA782 /* Project object */;
}
